
Microsoft Visual Studio Solution File, Format Version 11.00
# Visual Studio 2010
Project("{FAE04EC0-301F-11D3-BF4B-00C04F79EFBC}") = "VuforiaScripts", "VuforiaScripts.csproj", "{3603E20A-F6E9-CDF9-5ADF-4A16A1C4E699}"
EndProject
Project("{FAE04EC0-301F-11D3-BF4B-00C04F79EFBC}") = "Assembly-CSharp", "Assembly-CSharp.csproj", "{A0AD1331-8E6C-F117-B8D9-125F1AD6D5F5}"
EndProject
Project("{FAE04EC0-301F-11D3-BF4B-00C04F79EFBC}") = "VuforiaEditorScripts", "VuforiaEditorScripts.csproj", "{1374CFAE-8740-ED6A-7692-6F31D7918908}"
EndProject
Global
	GlobalSection(SolutionConfigurationPlatforms) = preSolution
		Debug|Any CPU = Debug|Any CPU
		Release|Any CPU = Release|Any CPU
	EndGlobalSection
	GlobalSection(ProjectConfigurationPlatforms) = postSolution
		{3603E20A-F6E9-CDF9-5ADF-4A16A1C4E699}.Debug|Any CPU.ActiveCfg = Debug|Any CPU
		{3603E20A-F6E9-CDF9-5ADF-4A16A1C4E699}.Debug|Any CPU.Build.0 = Debug|Any CPU
		{3603E20A-F6E9-CDF9-5ADF-4A16A1C4E699}.Release|Any CPU.ActiveCfg = Release|Any CPU
		{3603E20A-F6E9-CDF9-5ADF-4A16A1C4E699}.Release|Any CPU.Build.0 = Release|Any CPU
		{A0AD1331-8E6C-F117-B8D9-125F1AD6D5F5}.Debug|Any CPU.ActiveCfg = Debug|Any CPU
		{A0AD1331-8E6C-F117-B8D9-125F1AD6D5F5}.Debug|Any CPU.Build.0 = Debug|Any CPU
		{A0AD1331-8E6C-F117-B8D9-125F1AD6D5F5}.Release|Any CPU.ActiveCfg = Release|Any CPU
		{A0AD1331-8E6C-F117-B8D9-125F1AD6D5F5}.Release|Any CPU.Build.0 = Release|Any CPU
		{1374CFAE-8740-ED6A-7692-6F31D7918908}.Debug|Any CPU.ActiveCfg = Debug|Any CPU
		{1374CFAE-8740-ED6A-7692-6F31D7918908}.Debug|Any CPU.Build.0 = Debug|Any CPU
		{1374CFAE-8740-ED6A-7692-6F31D7918908}.Release|Any CPU.ActiveCfg = Release|Any CPU
		{1374CFAE-8740-ED6A-7692-6F31D7918908}.Release|Any CPU.Build.0 = Release|Any CPU
	EndGlobalSection
	GlobalSection(SolutionProperties) = preSolution
		HideSolutionNode = FALSE
	EndGlobalSection
	GlobalSection(MonoDevelopProperties) = preSolution
		StartupItem = Assembly-CSharp.csproj
	EndGlobalSection
EndGlobal
